
Microsoft Visual Studio Solution File, Format Version 12.00
# Visual Studio Version 16
VisualStudioVersion = 16.0.30114.105
MinimumVisualStudioVersion = 10.0.40219.1
Project("{FAE04EC0-301F-11D3-BF4B-00C04F79EFBC}") = "BranchingInC_Sharp", "BranchingInC_Sharp\BranchingInC_Sharp.csproj", "{A436E72F-9EE8-4DC8-885F-1255A593CE48}"
EndProject
Global
	GlobalSection(SolutionConfigurationPlatforms) = preSolution
		Debug|Any CPU = Debug|Any CPU
		Release|Any CPU = Release|Any CPU
	EndGlobalSection
	GlobalSection(ProjectConfigurationPlatforms) = postSolution
		{A436E72F-9EE8-4DC8-885F-1255A593CE48}.Debug|Any CPU.ActiveCfg = Debug|Any CPU
		{A436E72F-9EE8-4DC8-885F-1255A593CE48}.Debug|Any CPU.Build.0 = Debug|Any CPU
		{A436E72F-9EE8-4DC8-885F-1255A593CE48}.Release|Any CPU.ActiveCfg = Release|Any CPU
		{A436E72F-9EE8-4DC8-885F-1255A593CE48}.Release|Any CPU.Build.0 = Release|Any CPU
	EndGlobalSection
	GlobalSection(SolutionProperties) = preSolution
		HideSolutionNode = FALSE
	EndGlobalSection
	GlobalSection(ExtensibilityGlobals) = postSolution
		SolutionGuid = {0E1B661B-6A55-4006-A8A8-27D96F33635C}
	EndGlobalSection
EndGlobal
