
Microsoft Visual Studio Solution File, Format Version 12.00
# Visual Studio Version 16
VisualStudioVersion = 16.0.30114.105
MinimumVisualStudioVersion = 10.0.40219.1
Project("{FAE04EC0-301F-11D3-BF4B-00C04F79EFBC}") = "AbstactClasses", "AbstactClasses\AbstactClasses.csproj", "{AD38911A-48B1-48D1-920F-6F02CD16D08F}"
EndProject
Global
	GlobalSection(SolutionConfigurationPlatforms) = preSolution
		Debug|Any CPU = Debug|Any CPU
		Release|Any CPU = Release|Any CPU
	EndGlobalSection
	GlobalSection(ProjectConfigurationPlatforms) = postSolution
		{AD38911A-48B1-48D1-920F-6F02CD16D08F}.Debug|Any CPU.ActiveCfg = Debug|Any CPU
		{AD38911A-48B1-48D1-920F-6F02CD16D08F}.Debug|Any CPU.Build.0 = Debug|Any CPU
		{AD38911A-48B1-48D1-920F-6F02CD16D08F}.Release|Any CPU.ActiveCfg = Release|Any CPU
		{AD38911A-48B1-48D1-920F-6F02CD16D08F}.Release|Any CPU.Build.0 = Release|Any CPU
	EndGlobalSection
	GlobalSection(SolutionProperties) = preSolution
		HideSolutionNode = FALSE
	EndGlobalSection
	GlobalSection(ExtensibilityGlobals) = postSolution
		SolutionGuid = {D99460ED-2576-4799-BCC7-C1D8D6E4764B}
	EndGlobalSection
EndGlobal
