
Microsoft Visual Studio Solution File, Format Version 12.00
# Visual Studio Version 16
VisualStudioVersion = 16.0.30114.105
MinimumVisualStudioVersion = 10.0.40219.1
Project("{FAE04EC0-301F-11D3-BF4B-00C04F79EFBC}") = "NewsLetterAppMvc", "NewsLetterAppMvc\NewsLetterAppMvc.csproj", "{B117220B-D220-4B81-9212-E2C6EF04149A}"
EndProject
Global
	GlobalSection(SolutionConfigurationPlatforms) = preSolution
		Debug|Any CPU = Debug|Any CPU
		Release|Any CPU = Release|Any CPU
	EndGlobalSection
	GlobalSection(ProjectConfigurationPlatforms) = postSolution
		{B117220B-D220-4B81-9212-E2C6EF04149A}.Debug|Any CPU.ActiveCfg = Debug|Any CPU
		{B117220B-D220-4B81-9212-E2C6EF04149A}.Debug|Any CPU.Build.0 = Debug|Any CPU
		{B117220B-D220-4B81-9212-E2C6EF04149A}.Release|Any CPU.ActiveCfg = Release|Any CPU
		{B117220B-D220-4B81-9212-E2C6EF04149A}.Release|Any CPU.Build.0 = Release|Any CPU
	EndGlobalSection
	GlobalSection(SolutionProperties) = preSolution
		HideSolutionNode = FALSE
	EndGlobalSection
	GlobalSection(ExtensibilityGlobals) = postSolution
		SolutionGuid = {84410BD6-107D-4366-8D44-A4C2C40FF443}
	EndGlobalSection
EndGlobal
