
Microsoft Visual Studio Solution File, Format Version 12.00
# Visual Studio Version 16
VisualStudioVersion = 16.0.30114.105
MinimumVisualStudioVersion = 10.0.40219.1
Project("{FAE04EC0-301F-11D3-BF4B-00C04F79EFBC}") = "ConstVarConstructorChain", "ConstVarConstructorChain\ConstVarConstructorChain.csproj", "{A26DA21E-A63B-413C-ACD9-9224A449244B}"
EndProject
Global
	GlobalSection(SolutionConfigurationPlatforms) = preSolution
		Debug|Any CPU = Debug|Any CPU
		Release|Any CPU = Release|Any CPU
	EndGlobalSection
	GlobalSection(ProjectConfigurationPlatforms) = postSolution
		{A26DA21E-A63B-413C-ACD9-9224A449244B}.Debug|Any CPU.ActiveCfg = Debug|Any CPU
		{A26DA21E-A63B-413C-ACD9-9224A449244B}.Debug|Any CPU.Build.0 = Debug|Any CPU
		{A26DA21E-A63B-413C-ACD9-9224A449244B}.Release|Any CPU.ActiveCfg = Release|Any CPU
		{A26DA21E-A63B-413C-ACD9-9224A449244B}.Release|Any CPU.Build.0 = Release|Any CPU
	EndGlobalSection
	GlobalSection(SolutionProperties) = preSolution
		HideSolutionNode = FALSE
	EndGlobalSection
	GlobalSection(ExtensibilityGlobals) = postSolution
		SolutionGuid = {CBD11080-0E22-4B0D-9AE5-09C245DCA8CD}
	EndGlobalSection
EndGlobal
