
Microsoft Visual Studio Solution File, Format Version 12.00
# Visual Studio Version 16
VisualStudioVersion = 16.0.30114.105
MinimumVisualStudioVersion = 10.0.40219.1
Project("{FAE04EC0-301F-11D3-BF4B-00C04F79EFBC}") = "Datetime", "Datetime\Datetime.csproj", "{91A9D429-7311-4437-98DA-4C221B442287}"
EndProject
Global
	GlobalSection(SolutionConfigurationPlatforms) = preSolution
		Debug|Any CPU = Debug|Any CPU
		Release|Any CPU = Release|Any CPU
	EndGlobalSection
	GlobalSection(ProjectConfigurationPlatforms) = postSolution
		{91A9D429-7311-4437-98DA-4C221B442287}.Debug|Any CPU.ActiveCfg = Debug|Any CPU
		{91A9D429-7311-4437-98DA-4C221B442287}.Debug|Any CPU.Build.0 = Debug|Any CPU
		{91A9D429-7311-4437-98DA-4C221B442287}.Release|Any CPU.ActiveCfg = Release|Any CPU
		{91A9D429-7311-4437-98DA-4C221B442287}.Release|Any CPU.Build.0 = Release|Any CPU
	EndGlobalSection
	GlobalSection(SolutionProperties) = preSolution
		HideSolutionNode = FALSE
	EndGlobalSection
	GlobalSection(ExtensibilityGlobals) = postSolution
		SolutionGuid = {E4BEDACF-72F3-4070-87E0-0DC00855C965}
	EndGlobalSection
EndGlobal
