
Microsoft Visual Studio Solution File, Format Version 12.00
# Visual Studio Version 16
VisualStudioVersion = 16.0.30114.105
MinimumVisualStudioVersion = 10.0.40219.1
Project("{FAE04EC0-301F-11D3-BF4B-00C04F79EFBC}") = "MethodsInC_Sharp", "MethodsInC_Sharp\MethodsInC_Sharp.csproj", "{6AF8C2FE-3DDC-4ABB-AE34-BD20DC00D5F1}"
EndProject
Global
	GlobalSection(SolutionConfigurationPlatforms) = preSolution
		Debug|Any CPU = Debug|Any CPU
		Release|Any CPU = Release|Any CPU
	EndGlobalSection
	GlobalSection(ProjectConfigurationPlatforms) = postSolution
		{6AF8C2FE-3DDC-4ABB-AE34-BD20DC00D5F1}.Debug|Any CPU.ActiveCfg = Debug|Any CPU
		{6AF8C2FE-3DDC-4ABB-AE34-BD20DC00D5F1}.Debug|Any CPU.Build.0 = Debug|Any CPU
		{6AF8C2FE-3DDC-4ABB-AE34-BD20DC00D5F1}.Release|Any CPU.ActiveCfg = Release|Any CPU
		{6AF8C2FE-3DDC-4ABB-AE34-BD20DC00D5F1}.Release|Any CPU.Build.0 = Release|Any CPU
	EndGlobalSection
	GlobalSection(SolutionProperties) = preSolution
		HideSolutionNode = FALSE
	EndGlobalSection
	GlobalSection(ExtensibilityGlobals) = postSolution
		SolutionGuid = {942DA65F-677D-453D-8F89-1051F2A2BDD9}
	EndGlobalSection
EndGlobal
