
Microsoft Visual Studio Solution File, Format Version 12.00
# Visual Studio Version 16
VisualStudioVersion = 16.0.30114.105
MinimumVisualStudioVersion = 10.0.40219.1
Project("{FAE04EC0-301F-11D3-BF4B-00C04F79EFBC}") = "ExceptionHandling", "ExceptionHandling\ExceptionHandling.csproj", "{1577F321-DFA3-4731-92B4-EC00C0F45BBB}"
EndProject
Global
	GlobalSection(SolutionConfigurationPlatforms) = preSolution
		Debug|Any CPU = Debug|Any CPU
		Release|Any CPU = Release|Any CPU
	EndGlobalSection
	GlobalSection(ProjectConfigurationPlatforms) = postSolution
		{1577F321-DFA3-4731-92B4-EC00C0F45BBB}.Debug|Any CPU.ActiveCfg = Debug|Any CPU
		{1577F321-DFA3-4731-92B4-EC00C0F45BBB}.Debug|Any CPU.Build.0 = Debug|Any CPU
		{1577F321-DFA3-4731-92B4-EC00C0F45BBB}.Release|Any CPU.ActiveCfg = Release|Any CPU
		{1577F321-DFA3-4731-92B4-EC00C0F45BBB}.Release|Any CPU.Build.0 = Release|Any CPU
	EndGlobalSection
	GlobalSection(SolutionProperties) = preSolution
		HideSolutionNode = FALSE
	EndGlobalSection
	GlobalSection(ExtensibilityGlobals) = postSolution
		SolutionGuid = {3D9FCDBF-380E-429C-B5C2-3FB80BDC9381}
	EndGlobalSection
EndGlobal
